
Microsoft Visual Studio Solution File, Format Version 12.00
# Visual Studio Version 16
VisualStudioVersion = 16.0.30611.23
MinimumVisualStudioVersion = 10.0.40219.1
Project("{FAE04EC0-301F-11D3-BF4B-00C04F79EFBC}") = "01-ByteBank", "01-ByteBank\01-ByteBank.csproj", "{E4C3A28D-7859-4DE1-B8E6-D7D3D5F67BC7}"
EndProject
Project("{FAE04EC0-301F-11D3-BF4B-00C04F79EFBC}") = "02 - ByteBank", "02 - ByteBank\02 - ByteBank.csproj", "{96D6819D-893B-4AFF-99E1-609391921AF6}"
EndProject
Project("{FAE04EC0-301F-11D3-BF4B-00C04F79EFBC}") = "03 - ByteBank", "03 - ByteBank\03 - ByteBank.csproj", "{2EE3CB25-A4FD-4488-B2AA-312F5AF50CBE}"
EndProject
Project("{FAE04EC0-301F-11D3-BF4B-00C04F79EFBC}") = "04 - ByteBank", "04 - ByteBank\04 - ByteBank.csproj", "{0C0C2678-5C31-4088-9455-ACA4365AE3D6}"
EndProject
Project("{FAE04EC0-301F-11D3-BF4B-00C04F79EFBC}") = "05 - ByteBank", "05 - ByteBank\05 - ByteBank.csproj", "{65CF0079-813F-43C1-938A-405D8ED90175}"
EndProject
Project("{FAE04EC0-301F-11D3-BF4B-00C04F79EFBC}") = "06 - ByteBank", "06 - ByteBank\06 - ByteBank.csproj", "{B6337D03-C63E-4A93-B79C-A83416F665D4}"
EndProject
Project("{FAE04EC0-301F-11D3-BF4B-00C04F79EFBC}") = "07 - ByteBank", "07 - ByteBank\07 - ByteBank.csproj", "{093DBF84-E71C-4CBD-B818-58FF76EF3382}"
EndProject
Global
	GlobalSection(SolutionConfigurationPlatforms) = preSolution
		Debug|Any CPU = Debug|Any CPU
		Release|Any CPU = Release|Any CPU
	EndGlobalSection
	GlobalSection(ProjectConfigurationPlatforms) = postSolution
		{E4C3A28D-7859-4DE1-B8E6-D7D3D5F67BC7}.Debug|Any CPU.ActiveCfg = Debug|Any CPU
		{E4C3A28D-7859-4DE1-B8E6-D7D3D5F67BC7}.Debug|Any CPU.Build.0 = Debug|Any CPU
		{E4C3A28D-7859-4DE1-B8E6-D7D3D5F67BC7}.Release|Any CPU.ActiveCfg = Release|Any CPU
		{E4C3A28D-7859-4DE1-B8E6-D7D3D5F67BC7}.Release|Any CPU.Build.0 = Release|Any CPU
		{96D6819D-893B-4AFF-99E1-609391921AF6}.Debug|Any CPU.ActiveCfg = Debug|Any CPU
		{96D6819D-893B-4AFF-99E1-609391921AF6}.Debug|Any CPU.Build.0 = Debug|Any CPU
		{96D6819D-893B-4AFF-99E1-609391921AF6}.Release|Any CPU.ActiveCfg = Release|Any CPU
		{96D6819D-893B-4AFF-99E1-609391921AF6}.Release|Any CPU.Build.0 = Release|Any CPU
		{2EE3CB25-A4FD-4488-B2AA-312F5AF50CBE}.Debug|Any CPU.ActiveCfg = Debug|Any CPU
		{2EE3CB25-A4FD-4488-B2AA-312F5AF50CBE}.Debug|Any CPU.Build.0 = Debug|Any CPU
		{2EE3CB25-A4FD-4488-B2AA-312F5AF50CBE}.Release|Any CPU.ActiveCfg = Release|Any CPU
		{2EE3CB25-A4FD-4488-B2AA-312F5AF50CBE}.Release|Any CPU.Build.0 = Release|Any CPU
		{0C0C2678-5C31-4088-9455-ACA4365AE3D6}.Debug|Any CPU.ActiveCfg = Debug|Any CPU
		{0C0C2678-5C31-4088-9455-ACA4365AE3D6}.Debug|Any CPU.Build.0 = Debug|Any CPU
		{0C0C2678-5C31-4088-9455-ACA4365AE3D6}.Release|Any CPU.ActiveCfg = Release|Any CPU
		{0C0C2678-5C31-4088-9455-ACA4365AE3D6}.Release|Any CPU.Build.0 = Release|Any CPU
		{65CF0079-813F-43C1-938A-405D8ED90175}.Debug|Any CPU.ActiveCfg = Debug|Any CPU
		{65CF0079-813F-43C1-938A-405D8ED90175}.Debug|Any CPU.Build.0 = Debug|Any CPU
		{65CF0079-813F-43C1-938A-405D8ED90175}.Release|Any CPU.ActiveCfg = Release|Any CPU
		{65CF0079-813F-43C1-938A-405D8ED90175}.Release|Any CPU.Build.0 = Release|Any CPU
		{B6337D03-C63E-4A93-B79C-A83416F665D4}.Debug|Any CPU.ActiveCfg = Debug|Any CPU
		{B6337D03-C63E-4A93-B79C-A83416F665D4}.Debug|Any CPU.Build.0 = Debug|Any CPU
		{B6337D03-C63E-4A93-B79C-A83416F665D4}.Release|Any CPU.ActiveCfg = Release|Any CPU
		{B6337D03-C63E-4A93-B79C-A83416F665D4}.Release|Any CPU.Build.0 = Release|Any CPU
		{093DBF84-E71C-4CBD-B818-58FF76EF3382}.Debug|Any CPU.ActiveCfg = Debug|Any CPU
		{093DBF84-E71C-4CBD-B818-58FF76EF3382}.Debug|Any CPU.Build.0 = Debug|Any CPU
		{093DBF84-E71C-4CBD-B818-58FF76EF3382}.Release|Any CPU.ActiveCfg = Release|Any CPU
		{093DBF84-E71C-4CBD-B818-58FF76EF3382}.Release|Any CPU.Build.0 = Release|Any CPU
	EndGlobalSection
	GlobalSection(SolutionProperties) = preSolution
		HideSolutionNode = FALSE
	EndGlobalSection
	GlobalSection(ExtensibilityGlobals) = postSolution
		SolutionGuid = {B0675CDE-50A6-45A7-A148-FB3A2C3941CF}
	EndGlobalSection
EndGlobal
